// !$*UTF8*$!
{
	archiveVersion = 1;
	classes = {
	};
	objectVersion = 56;
	objects = {

/* Begin PBXBuildFile section */
		1D48A8022B453F03007FE6A7 /* SwiftChallenge3App.swift in Sources */ = {isa = PBXBuildFile; fileRef = 1D48A8012B453F03007FE6A7 /* SwiftChallenge3App.swift */; };
		1D48A8042B453F03007FE6A7 /* Challenge1View.swift in Sources */ = {isa = PBXBuildFile; fileRef = 1D48A8032B453F03007FE6A7 /* Challenge1View.swift */; };
		1D48A8062B453F06007FE6A7 /* Assets.xcassets in Resources */ = {isa = PBXBuildFile; fileRef = 1D48A8052B453F06007FE6A7 /* Assets.xcassets */; };
		1D48A8092B453F06007FE6A7 /* Preview Assets.xcassets in Resources */ = {isa = PBXBuildFile; fileRef = 1D48A8082B453F06007FE6A7 /* Preview Assets.xcassets */; };
		1D48A8132B453F06007FE6A7 /* SwiftChallenge3Tests.swift in Sources */ = {isa = PBXBuildFile; fileRef = 1D48A8122B453F06007FE6A7 /* SwiftChallenge3Tests.swift */; };
		1D48A81D2B453F06007FE6A7 /* SwiftChallenge3UITests.swift in Sources */ = {isa = PBXBuildFile; fileRef = 1D48A81C2B453F06007FE6A7 /* SwiftChallenge3UITests.swift */; };
		1D48A81F2B453F06007FE6A7 /* SwiftChallenge3UITestsLaunchTests.swift in Sources */ = {isa = PBXBuildFile; fileRef = 1D48A81E2B453F06007FE6A7 /* SwiftChallenge3UITestsLaunchTests.swift */; };
		1D48A82C2B454641007FE6A7 /* Challenge2View.swift in Sources */ = {isa = PBXBuildFile; fileRef = 1D48A82B2B454641007FE6A7 /* Challenge2View.swift */; };
		1D48A82E2B454933007FE6A7 /* Challenge3View.swift in Sources */ = {isa = PBXBuildFile; fileRef = 1D48A82D2B454933007FE6A7 /* Challenge3View.swift */; };
		1D48A8302B454D98007FE6A7 /* Challenge4View.swift in Sources */ = {isa = PBXBuildFile; fileRef = 1D48A82F2B454D98007FE6A7 /* Challenge4View.swift */; };
		1D48A8322B46AF98007FE6A7 /* Challenge5View.swift in Sources */ = {isa = PBXBuildFile; fileRef = 1D48A8312B46AF98007FE6A7 /* Challenge5View.swift */; };
/* End PBXBuildFile section */

/* Begin PBXContainerItemProxy section */
		1D48A80F2B453F06007FE6A7 /* PBXContainerItemProxy */ = {
			isa = PBXContainerItemProxy;
			containerPortal = 1D48A7F62B453F03007FE6A7 /* Project object */;
			proxyType = 1;
			remoteGlobalIDString = 1D48A7FD2B453F03007FE6A7;
			remoteInfo = SwiftChallenge3;
		};
		1D48A8192B453F06007FE6A7 /* PBXContainerItemProxy */ = {
			isa = PBXContainerItemProxy;
			containerPortal = 1D48A7F62B453F03007FE6A7 /* Project object */;
			proxyType = 1;
			remoteGlobalIDString = 1D48A7FD2B453F03007FE6A7;
			remoteInfo = SwiftChallenge3;
		};
/* End PBXContainerItemProxy section */

/* Begin PBXFileReference section */
		1D48A7FE2B453F03007FE6A7 /* SwiftChallenge3.app */ = {isa = PBXFileReference; explicitFileType = wrapper.application; includeInIndex = 0; path = SwiftChallenge3.app; sourceTree = BUILT_PRODUCTS_DIR; };
		1D48A8012B453F03007FE6A7 /* SwiftChallenge3App.swift */ = {isa = PBXFileReference; lastKnownFileType = sourcecode.swift; path = SwiftChallenge3App.swift; sourceTree = "<group>"; };
		1D48A8032B453F03007FE6A7 /* Challenge1View.swift */ = {isa = PBXFileReference; lastKnownFileType = sourcecode.swift; path = Challenge1View.swift; sourceTree = "<group>"; };
		1D48A8052B453F06007FE6A7 /* Assets.xcassets */ = {isa = PBXFileReference; lastKnownFileType = folder.assetcatalog; path = Assets.xcassets; sourceTree = "<group>"; };
		1D48A8082B453F06007FE6A7 /* Preview Assets.xcassets */ = {isa = PBXFileReference; lastKnownFileType = folder.assetcatalog; path = "Preview Assets.xcassets"; sourceTree = "<group>"; };
		1D48A80E2B453F06007FE6A7 /* SwiftChallenge3Tests.xctest */ = {isa = PBXFileReference; explicitFileType = wrapper.cfbundle; includeInIndex = 0; path = SwiftChallenge3Tests.xctest; sourceTree = BUILT_PRODUCTS_DIR; };
		1D48A8122B453F06007FE6A7 /* SwiftChallenge3Tests.swift */ = {isa = PBXFileReference; lastKnownFileType = sourcecode.swift; path = SwiftChallenge3Tests.swift; sourceTree = "<group>"; };
		1D48A8182B453F06007FE6A7 /* SwiftChallenge3UITests.xctest */ = {isa = PBXFileReference; explicitFileType = wrapper.cfbundle; includeInIndex = 0; path = SwiftChallenge3UITests.xctest; sourceTree = BUILT_PRODUCTS_DIR; };
		1D48A81C2B453F06007FE6A7 /* SwiftChallenge3UITests.swift */ = {isa = PBXFileReference; lastKnownFileType = sourcecode.swift; path = SwiftChallenge3UITests.swift; sourceTree = "<group>"; };
		1D48A81E2B453F06007FE6A7 /* SwiftChallenge3UITestsLaunchTests.swift */ = {isa = PBXFileReference; lastKnownFileType = sourcecode.swift; path = SwiftChallenge3UITestsLaunchTests.swift; sourceTree = "<group>"; };
		1D48A82B2B454641007FE6A7 /* Challenge2View.swift */ = {isa = PBXFileReference; lastKnownFileType = sourcecode.swift; path = Challenge2View.swift; sourceTree = "<group>"; };
		1D48A82D2B454933007FE6A7 /* Challenge3View.swift */ = {isa = PBXFileReference; lastKnownFileType = sourcecode.swift; path = Challenge3View.swift; sourceTree = "<group>"; };
		1D48A82F2B454D98007FE6A7 /* Challenge4View.swift */ = {isa = PBXFileReference; lastKnownFileType = sourcecode.swift; path = Challenge4View.swift; sourceTree = "<group>"; };
		1D48A8312B46AF98007FE6A7 /* Challenge5View.swift */ = {isa = PBXFileReference; lastKnownFileType = sourcecode.swift; path = Challenge5View.swift; sourceTree = "<group>"; };
/* End PBXFileReference section */

/* Begin PBXFrameworksBuildPhase section */
		1D48A7FB2B453F03007FE6A7 /* Frameworks */ = {
			isa = PBXFrameworksBuildPhase;
			buildActionMask = 2147483647;
			files = (
			);
			runOnlyForDeploymentPostprocessing = 0;
		};
		1D48A80B2B453F06007FE6A7 /* Frameworks */ = {
			isa = PBXFrameworksBuildPhase;
			buildActionMask = 2147483647;
			files = (
			);
			runOnlyForDeploymentPostprocessing = 0;
		};
		1D48A8152B453F06007FE6A7 /* Frameworks */ = {
			isa = PBXFrameworksBuildPhase;
			buildActionMask = 2147483647;
			files = (
			);
			runOnlyForDeploymentPostprocessing = 0;
		};
/* End PBXFrameworksBuildPhase section */

/* Begin PBXGroup section */
		1D48A7F52B453F03007FE6A7 = {
			isa = PBXGroup;
			children = (
				1D48A8002B453F03007FE6A7 /* SwiftChallenge3 */,
				1D48A8112B453F06007FE6A7 /* SwiftChallenge3Tests */,
				1D48A81B2B453F06007FE6A7 /* SwiftChallenge3UITests */,
				1D48A7FF2B453F03007FE6A7 /* Products */,
			);
			sourceTree = "<group>";
		};
		1D48A7FF2B453F03007FE6A7 /* Products */ = {
			isa = PBXGroup;
			children = (
				1D48A7FE2B453F03007FE6A7 /* SwiftChallenge3.app */,
				1D48A80E2B453F06007FE6A7 /* SwiftChallenge3Tests.xctest */,
				1D48A8182B453F06007FE6A7 /* SwiftChallenge3UITests.xctest */,
			);
			name = Products;
			sourceTree = "<group>";
		};
		1D48A8002B453F03007FE6A7 /* SwiftChallenge3 */ = {
			isa = PBXGroup;
			children = (
				1D48A8012B453F03007FE6A7 /* SwiftChallenge3App.swift */,
				1D48A8032B453F03007FE6A7 /* Challenge1View.swift */,
				1D48A82B2B454641007FE6A7 /* Challenge2View.swift */,
				1D48A82D2B454933007FE6A7 /* Challenge3View.swift */,
				1D48A82F2B454D98007FE6A7 /* Challenge4View.swift */,
				1D48A8312B46AF98007FE6A7 /* Challenge5View.swift */,
				1D48A8052B453F06007FE6A7 /* Assets.xcassets */,
				1D48A8072B453F06007FE6A7 /* Preview Content */,
			);
			path = SwiftChallenge3;
			sourceTree = "<group>";
		};
		1D48A8072B453F06007FE6A7 /* Preview Content */ = {
			isa = PBXGroup;
			children = (
				1D48A8082B453F06007FE6A7 /* Preview Assets.xcassets */,
			);
			path = "Preview Content";
			sourceTree = "<group>";
		};
		1D48A8112B453F06007FE6A7 /* SwiftChallenge3Tests */ = {
			isa = PBXGroup;
			children = (
				1D48A8122B453F06007FE6A7 /* SwiftChallenge3Tests.swift */,
			);
			path = SwiftChallenge3Tests;
			sourceTree = "<group>";
		};
		1D48A81B2B453F06007FE6A7 /* SwiftChallenge3UITests */ = {
			isa = PBXGroup;
			children = (
				1D48A81C2B453F06007FE6A7 /* SwiftChallenge3UITests.swift */,
				1D48A81E2B453F06007FE6A7 /* SwiftChallenge3UITestsLaunchTests.swift */,
			);
			path = SwiftChallenge3UITests;
			sourceTree = "<group>";
		};
/* End PBXGroup section */

/* Begin PBXNativeTarget section */
		1D48A7FD2B453F03007FE6A7 /* SwiftChallenge3 */ = {
			isa = PBXNativeTarget;
			buildConfigurationList = 1D48A8222B453F06007FE6A7 /* Build configuration list for PBXNativeTarget "SwiftChallenge3" */;
			buildPhases = (
				1D48A7FA2B453F03007FE6A7 /* Sources */,
				1D48A7FB2B453F03007FE6A7 /* Frameworks */,
				1D48A7FC2B453F03007FE6A7 /* Resources */,
			);
			buildRules = (
			);
			dependencies = (
			);
			name = SwiftChallenge3;
			productName = SwiftChallenge3;
			productReference = 1D48A7FE2B453F03007FE6A7 /* SwiftChallenge3.app */;
			productType = "com.apple.product-type.application";
		};
		1D48A80D2B453F06007FE6A7 /* SwiftChallenge3Tests */ = {
			isa = PBXNativeTarget;
			buildConfigurationList = 1D48A8252B453F06007FE6A7 /* Build configuration list for PBXNativeTarget "SwiftChallenge3Tests" */;
			buildPhases = (
				1D48A80A2B453F06007FE6A7 /* Sources */,
				1D48A80B2B453F06007FE6A7 /* Frameworks */,
				1D48A80C2B453F06007FE6A7 /* Resources */,
			);
			buildRules = (
			);
			dependencies = (
				1D48A8102B453F06007FE6A7 /* PBXTargetDependency */,
			);
			name = SwiftChallenge3Tests;
			productName = SwiftChallenge3Tests;
			productReference = 1D48A80E2B453F06007FE6A7 /* SwiftChallenge3Tests.xctest */;
			productType = "com.apple.product-type.bundle.unit-test";
		};
		1D48A8172B453F06007FE6A7 /* SwiftChallenge3UITests */ = {
			isa = PBXNativeTarget;
			buildConfigurationList = 1D48A8282B453F06007FE6A7 /* Build configuration list for PBXNativeTarget "SwiftChallenge3UITests" */;
			buildPhases = (
				1D48A8142B453F06007FE6A7 /* Sources */,
				1D48A8152B453F06007FE6A7 /* Frameworks */,
				1D48A8162B453F06007FE6A7 /* Resources */,
			);
			buildRules = (
			);
			dependencies = (
				1D48A81A2B453F06007FE6A7 /* PBXTargetDependency */,
			);
			name = SwiftChallenge3UITests;
			productName = SwiftChallenge3UITests;
			productReference = 1D48A8182B453F06007FE6A7 /* SwiftChallenge3UITests.xctest */;
			productType = "com.apple.product-type.bundle.ui-testing";
		};
/* End PBXNativeTarget section */

/* Begin PBXProject section */
		1D48A7F62B453F03007FE6A7 /* Project object */ = {
			isa = PBXProject;
			attributes = {
				BuildIndependentTargetsInParallel = 1;
				LastSwiftUpdateCheck = 1510;
				LastUpgradeCheck = 1510;
				TargetAttributes = {
					1D48A7FD2B453F03007FE6A7 = {
						CreatedOnToolsVersion = 15.1;
					};
					1D48A80D2B453F06007FE6A7 = {
						CreatedOnToolsVersion = 15.1;
						TestTargetID = 1D48A7FD2B453F03007FE6A7;
					};
					1D48A8172B453F06007FE6A7 = {
						CreatedOnToolsVersion = 15.1;
						TestTargetID = 1D48A7FD2B453F03007FE6A7;
					};
				};
			};
			buildConfigurationList = 1D48A7F92B453F03007FE6A7 /* Build configuration list for PBXProject "SwiftChallenge3" */;
			compatibilityVersion = "Xcode 14.0";
			developmentRegion = en;
			hasScannedForEncodings = 0;
			knownRegions = (
				en,
				Base,
			);
			mainGroup = 1D48A7F52B453F03007FE6A7;
			productRefGroup = 1D48A7FF2B453F03007FE6A7 /* Products */;
			projectDirPath = "";
			projectRoot = "";
			targets = (
				1D48A7FD2B453F03007FE6A7 /* SwiftChallenge3 */,
				1D48A80D2B453F06007FE6A7 /* SwiftChallenge3Tests */,
				1D48A8172B453F06007FE6A7 /* SwiftChallenge3UITests */,
			);
		};
/* End PBXProject section */

/* Begin PBXResourcesBuildPhase section */
		1D48A7FC2B453F03007FE6A7 /* Resources */ = {
			isa = PBXResourcesBuildPhase;
			buildActionMask = 2147483647;
			files = (
				1D48A8092B453F06007FE6A7 /* Preview Assets.xcassets in Resources */,
				1D48A8062B453F06007FE6A7 /* Assets.xcassets in Resources */,
			);
			runOnlyForDeploymentPostprocessing = 0;
		};
		1D48A80C2B453F06007FE6A7 /* Resources */ = {
			isa = PBXResourcesBuildPhase;
			buildActionMask = 2147483647;
			files = (
			);
			runOnlyForDeploymentPostprocessing = 0;
		};
		1D48A8162B453F06007FE6A7 /* Resources */ = {
			isa = PBXResourcesBuildPhase;
			buildActionMask = 2147483647;
			files = (
			);
			runOnlyForDeploymentPostprocessing = 0;
		};
/* End PBXResourcesBuildPhase section */

/* Begin PBXSourcesBuildPhase section */
		1D48A7FA2B453F03007FE6A7 /* Sources */ = {
			isa = PBXSourcesBuildPhase;
			buildActionMask = 2147483647;
			files = (
				1D48A82E2B454933007FE6A7 /* Challenge3View.swift in Sources */,
				1D48A8042B453F03007FE6A7 /* Challenge1View.swift in Sources */,
				1D48A8022B453F03007FE6A7 /* SwiftChallenge3App.swift in Sources */,
				1D48A82C2B454641007FE6A7 /* Challenge2View.swift in Sources */,
				1D48A8322B46AF98007FE6A7 /* Challenge5View.swift in Sources */,
				1D48A8302B454D98007FE6A7 /* Challenge4View.swift in Sources */,
			);
			runOnlyForDeploymentPostprocessing = 0;
		};
		1D48A80A2B453F06007FE6A7 /* Sources */ = {
			isa = PBXSourcesBuildPhase;
			buildActionMask = 2147483647;
			files = (
				1D48A8132B453F06007FE6A7 /* SwiftChallenge3Tests.swift in Sources */,
			);
			runOnlyForDeploymentPostprocessing = 0;
		};
		1D48A8142B453F06007FE6A7 /* Sources */ = {
			isa = PBXSourcesBuildPhase;
			buildActionMask = 2147483647;
			files = (
				1D48A81F2B453F06007FE6A7 /* SwiftChallenge3UITestsLaunchTests.swift in Sources */,
				1D48A81D2B453F06007FE6A7 /* SwiftChallenge3UITests.swift in Sources */,
			);
			runOnlyForDeploymentPostprocessing = 0;
		};
/* End PBXSourcesBuildPhase section */

/* Begin PBXTargetDependency section */
		1D48A8102B453F06007FE6A7 /* PBXTargetDependency */ = {
			isa = PBXTargetDependency;
			target = 1D48A7FD2B453F03007FE6A7 /* SwiftChallenge3 */;
			targetProxy = 1D48A80F2B453F06007FE6A7 /* PBXContainerItemProxy */;
		};
		1D48A81A2B453F06007FE6A7 /* PBXTargetDependency */ = {
			isa = PBXTargetDependency;
			target = 1D48A7FD2B453F03007FE6A7 /* SwiftChallenge3 */;
			targetProxy = 1D48A8192B453F06007FE6A7 /* PBXContainerItemProxy */;
		};
/* End PBXTargetDependency section */

/* Begin XCBuildConfiguration section */
		1D48A8202B453F06007FE6A7 /* Debug */ = {
			isa = XCBuildConfiguration;
			buildSettings = {
				ALWAYS_SEARCH_USER_PATHS = NO;
				ASSETCATALOG_COMPILER_GENERATE_SWIFT_ASSET_SYMBOL_EXTENSIONS = YES;
				CLANG_ANALYZER_NONNULL = YES;
				CLANG_ANALYZER_NUMBER_OBJECT_CONVERSION = YES_AGGRESSIVE;
				CLANG_CXX_LANGUAGE_STANDARD = "gnu++20";
				CLANG_ENABLE_MODULES = YES;
				CLANG_ENABLE_OBJC_ARC = YES;
				CLANG_ENABLE_OBJC_WEAK = YES;
				CLANG_WARN_BLOCK_CAPTURE_AUTORELEASING = YES;
				CLANG_WARN_BOOL_CONVERSION = YES;
				CLANG_WARN_COMMA = YES;
				CLANG_WARN_CONSTANT_CONVERSION = YES;
				CLANG_WARN_DEPRECATED_OBJC_IMPLEMENTATIONS = YES;
				CLANG_WARN_DIRECT_OBJC_ISA_USAGE = YES_ERROR;
				CLANG_WARN_DOCUMENTATION_COMMENTS = YES;
				CLANG_WARN_EMPTY_BODY = YES;
				CLANG_WARN_ENUM_CONVERSION = YES;
				CLANG_WARN_INFINITE_RECURSION = YES;
				CLANG_WARN_INT_CONVERSION = YES;
				CLANG_WARN_NON_LITERAL_NULL_CONVERSION = YES;
				CLANG_WARN_OBJC_IMPLICIT_RETAIN_SELF = YES;
				CLANG_WARN_OBJC_LITERAL_CONVERSION = YES;
				CLANG_WARN_OBJC_ROOT_CLASS = YES_ERROR;
				CLANG_WARN_QUOTED_INCLUDE_IN_FRAMEWORK_HEADER = YES;
				CLANG_WARN_RANGE_LOOP_ANALYSIS = YES;
				CLANG_WARN_STRICT_PROTOTYPES = YES;
				CLANG_WARN_SUSPICIOUS_MOVE = YES;
				CLANG_WARN_UNGUARDED_AVAILABILITY = YES_AGGRESSIVE;
				CLANG_WARN_UNREACHABLE_CODE = YES;
				CLANG_WARN__DUPLICATE_METHOD_MATCH = YES;
				COPY_PHASE_STRIP = NO;
				DEBUG_INFORMATION_FORMAT = dwarf;
				ENABLE_STRICT_OBJC_MSGSEND = YES;
				ENABLE_TESTABILITY = YES;
				ENABLE_USER_SCRIPT_SANDBOXING = YES;
				GCC_C_LANGUAGE_STANDARD = gnu17;
				GCC_DYNAMIC_NO_PIC = NO;
				GCC_NO_COMMON_BLOCKS = YES;
				GCC_OPTIMIZATION_LEVEL = 0;
				GCC_PREPROCESSOR_DEFINITIONS = (
					"DEBUG=1",
					"$(inherited)",
				);
				GCC_WARN_64_TO_32_BIT_CONVERSION = YES;
				GCC_WARN_ABOUT_RETURN_TYPE = YES_ERROR;
				GCC_WARN_UNDECLARED_SELECTOR = YES;
				GCC_WARN_UNINITIALIZED_AUTOS = YES_AGGRESSIVE;
				GCC_WARN_UNUSED_FUNCTION = YES;
				GCC_WARN_UNUSED_VARIABLE = YES;
				IPHONEOS_DEPLOYMENT_TARGET = 17.2;
				LOCALIZATION_PREFERS_STRING_CATALOGS = YES;
				MTL_ENABLE_DEBUG_INFO = INCLUDE_SOURCE;
				MTL_FAST_MATH = YES;
				ONLY_ACTIVE_ARCH = YES;
				SDKROOT = iphoneos;
				SWIFT_ACTIVE_COMPILATION_CONDITIONS = "DEBUG $(inherited)";
				SWIFT_OPTIMIZATION_LEVEL = "-Onone";
			};
			name = Debug;
		};
		1D48A8212B453F06007FE6A7 /* Release */ = {
			isa = XCBuildConfiguration;
			buildSettings = {
				ALWAYS_SEARCH_USER_PATHS = NO;
				ASSETCATALOG_COMPILER_GENERATE_SWIFT_ASSET_SYMBOL_EXTENSIONS = YES;
				CLANG_ANALYZER_NONNULL = YES;
				CLANG_ANALYZER_NUMBER_OBJECT_CONVERSION = YES_AGGRESSIVE;
				CLANG_CXX_LANGUAGE_STANDARD = "gnu++20";
				CLANG_ENABLE_MODULES = YES;
				CLANG_ENABLE_OBJC_ARC = YES;
				CLANG_ENABLE_OBJC_WEAK = YES;
				CLANG_WARN_BLOCK_CAPTURE_AUTORELEASING = YES;
				CLANG_WARN_BOOL_CONVERSION = YES;
				CLANG_WARN_COMMA = YES;
				CLANG_WARN_CONSTANT_CONVERSION = YES;
				CLANG_WARN_DEPRECATED_OBJC_IMPLEMENTATIONS = YES;
				CLANG_WARN_DIRECT_OBJC_ISA_USAGE = YES_ERROR;
				CLANG_WARN_DOCUMENTATION_COMMENTS = YES;
				CLANG_WARN_EMPTY_BODY = YES;
				CLANG_WARN_ENUM_CONVERSION = YES;
				CLANG_WARN_INFINITE_RECURSION = YES;
				CLANG_WARN_INT_CONVERSION = YES;
				CLANG_WARN_NON_LITERAL_NULL_CONVERSION = YES;
				CLANG_WARN_OBJC_IMPLICIT_RETAIN_SELF = YES;
				CLANG_WARN_OBJC_LITERAL_CONVERSION = YES;
				CLANG_WARN_OBJC_ROOT_CLASS = YES_ERROR;
				CLANG_WARN_QUOTED_INCLUDE_IN_FRAMEWORK_HEADER = YES;
				CLANG_WARN_RANGE_LOOP_ANALYSIS = YES;
				CLANG_WARN_STRICT_PROTOTYPES = YES;
				CLANG_WARN_SUSPICIOUS_MOVE = YES;
				CLANG_WARN_UNGUARDED_AVAILABILITY = YES_AGGRESSIVE;
				CLANG_WARN_UNREACHABLE_CODE = YES;
				CLANG_WARN__DUPLICATE_METHOD_MATCH = YES;
				COPY_PHASE_STRIP = NO;
				DEBUG_INFORMATION_FORMAT = "dwarf-with-dsym";
				ENABLE_NS_ASSERTIONS = NO;
				ENABLE_STRICT_OBJC_MSGSEND = YES;
				ENABLE_USER_SCRIPT_SANDBOXING = YES;
				GCC_C_LANGUAGE_STANDARD = gnu17;
				GCC_NO_COMMON_BLOCKS = YES;
				GCC_WARN_64_TO_32_BIT_CONVERSION = YES;
				GCC_WARN_ABOUT_RETURN_TYPE = YES_ERROR;
				GCC_WARN_UNDECLARED_SELECTOR = YES;
				GCC_WARN_UNINITIALIZED_AUTOS = YES_AGGRESSIVE;
				GCC_WARN_UNUSED_FUNCTION = YES;
				GCC_WARN_UNUSED_VARIABLE = YES;
				IPHONEOS_DEPLOYMENT_TARGET = 17.2;
				LOCALIZATION_PREFERS_STRING_CATALOGS = YES;
				MTL_ENABLE_DEBUG_INFO = NO;
				MTL_FAST_MATH = YES;
				SDKROOT = iphoneos;
				SWIFT_COMPILATION_MODE = wholemodule;
				VALIDATE_PRODUCT = YES;
			};
			name = Release;
		};
		1D48A8232B453F06007FE6A7 /* Debug */ = {
			isa = XCBuildConfiguration;
			buildSettings = {
				ASSETCATALOG_COMPILER_APPICON_NAME = AppIcon;
				ASSETCATALOG_COMPILER_GLOBAL_ACCENT_COLOR_NAME = AccentColor;
				CODE_SIGN_STYLE = Automatic;
				CURRENT_PROJECT_VERSION = 1;
				DEVELOPMENT_ASSET_PATHS = "\"SwiftChallenge3/Preview Content\"";
				ENABLE_PREVIEWS = YES;
				GENERATE_INFOPLIST_FILE = YES;
				INFOPLIST_KEY_UIApplicationSceneManifest_Generation = YES;
				INFOPLIST_KEY_UIApplicationSupportsIndirectInputEvents = YES;
				INFOPLIST_KEY_UILaunchScreen_Generation = YES;
				INFOPLIST_KEY_UISupportedInterfaceOrientations_iPad = "UIInterfaceOrientationPortrait UIInterfaceOrientationPortraitUpsideDown UIInterfaceOrientationLandscapeLeft UIInterfaceOrientationLandscapeRight";
				INFOPLIST_KEY_UISupportedInterfaceOrientations_iPhone = "UIInterfaceOrientationPortrait UIInterfaceOrientationLandscapeLeft UIInterfaceOrientationLandscapeRight";
				LD_RUNPATH_SEARCH_PATHS = (
					"$(inherited)",
					"@executable_path/Frameworks",
				);
				MARKETING_VERSION = 1.0;
				PRODUCT_BUNDLE_IDENTIFIER = com.kakutagawa.SwiftChallenge3;
				PRODUCT_NAME = "$(TARGET_NAME)";
				SWIFT_EMIT_LOC_STRINGS = YES;
				SWIFT_VERSION = 5.0;
				TARGETED_DEVICE_FAMILY = "1,2";
			};
			name = Debug;
		};
		1D48A8242B453F06007FE6A7 /* Release */ = {
			isa = XCBuildConfiguration;
			buildSettings = {
				ASSETCATALOG_COMPILER_APPICON_NAME = AppIcon;
				ASSETCATALOG_COMPILER_GLOBAL_ACCENT_COLOR_NAME = AccentColor;
				CODE_SIGN_STYLE = Automatic;
				CURRENT_PROJECT_VERSION = 1;
				DEVELOPMENT_ASSET_PATHS = "\"SwiftChallenge3/Preview Content\"";
				ENABLE_PREVIEWS = YES;
				GENERATE_INFOPLIST_FILE = YES;
				INFOPLIST_KEY_UIApplicationSceneManifest_Generation = YES;
				INFOPLIST_KEY_UIApplicationSupportsIndirectInputEvents = YES;
				INFOPLIST_KEY_UILaunchScreen_Generation = YES;
				INFOPLIST_KEY_UISupportedInterfaceOrientations_iPad = "UIInterfaceOrientationPortrait UIInterfaceOrientationPortraitUpsideDown UIInterfaceOrientationLandscapeLeft UIInterfaceOrientationLandscapeRight";
				INFOPLIST_KEY_UISupportedInterfaceOrientations_iPhone = "UIInterfaceOrientationPortrait UIInterfaceOrientationLandscapeLeft UIInterfaceOrientationLandscapeRight";
				LD_RUNPATH_SEARCH_PATHS = (
					"$(inherited)",
					"@executable_path/Frameworks",
				);
				MARKETING_VERSION = 1.0;
				PRODUCT_BUNDLE_IDENTIFIER = com.kakutagawa.SwiftChallenge3;
				PRODUCT_NAME = "$(TARGET_NAME)";
				SWIFT_EMIT_LOC_STRINGS = YES;
				SWIFT_VERSION = 5.0;
				TARGETED_DEVICE_FAMILY = "1,2";
			};
			name = Release;
		};
		1D48A8262B453F06007FE6A7 /* Debug */ = {
			isa = XCBuildConfiguration;
			buildSettings = {
				ALWAYS_EMBED_SWIFT_STANDARD_LIBRARIES = YES;
				BUNDLE_LOADER = "$(TEST_HOST)";
				CODE_SIGN_STYLE = Automatic;
				CURRENT_PROJECT_VERSION = 1;
				GENERATE_INFOPLIST_FILE = YES;
				IPHONEOS_DEPLOYMENT_TARGET = 17.2;
				MARKETING_VERSION = 1.0;
				PRODUCT_BUNDLE_IDENTIFIER = com.kakutagawa.SwiftChallenge3Tests;
				PRODUCT_NAME = "$(TARGET_NAME)";
				SWIFT_EMIT_LOC_STRINGS = NO;
				SWIFT_VERSION = 5.0;
				TARGETED_DEVICE_FAMILY = "1,2";
				TEST_HOST = "$(BUILT_PRODUCTS_DIR)/SwiftChallenge3.app/$(BUNDLE_EXECUTABLE_FOLDER_PATH)/SwiftChallenge3";
			};
			name = Debug;
		};
		1D48A8272B453F06007FE6A7 /* Release */ = {
			isa = XCBuildConfiguration;
			buildSettings = {
				ALWAYS_EMBED_SWIFT_STANDARD_LIBRARIES = YES;
				BUNDLE_LOADER = "$(TEST_HOST)";
				CODE_SIGN_STYLE = Automatic;
				CURRENT_PROJECT_VERSION = 1;
				GENERATE_INFOPLIST_FILE = YES;
				IPHONEOS_DEPLOYMENT_TARGET = 17.2;
				MARKETING_VERSION = 1.0;
				PRODUCT_BUNDLE_IDENTIFIER = com.kakutagawa.SwiftChallenge3Tests;
				PRODUCT_NAME = "$(TARGET_NAME)";
				SWIFT_EMIT_LOC_STRINGS = NO;
				SWIFT_VERSION = 5.0;
				TARGETED_DEVICE_FAMILY = "1,2";
				TEST_HOST = "$(BUILT_PRODUCTS_DIR)/SwiftChallenge3.app/$(BUNDLE_EXECUTABLE_FOLDER_PATH)/SwiftChallenge3";
			};
			name = Release;
		};
		1D48A8292B453F06007FE6A7 /* Debug */ = {
			isa = XCBuildConfiguration;
			buildSettings = {
				ALWAYS_EMBED_SWIFT_STANDARD_LIBRARIES = YES;
				CODE_SIGN_STYLE = Automatic;
				CURRENT_PROJECT_VERSION = 1;
				GENERATE_INFOPLIST_FILE = YES;
				MARKETING_VERSION = 1.0;
				PRODUCT_BUNDLE_IDENTIFIER = com.kakutagawa.SwiftChallenge3UITests;
				PRODUCT_NAME = "$(TARGET_NAME)";
				SWIFT_EMIT_LOC_STRINGS = NO;
				SWIFT_VERSION = 5.0;
				TARGETED_DEVICE_FAMILY = "1,2";
				TEST_TARGET_NAME = SwiftChallenge3;
			};
			name = Debug;
		};
		1D48A82A2B453F06007FE6A7 /* Release */ = {
			isa = XCBuildConfiguration;
			buildSettings = {
				ALWAYS_EMBED_SWIFT_STANDARD_LIBRARIES = YES;
				CODE_SIGN_STYLE = Automatic;
				CURRENT_PROJECT_VERSION = 1;
				GENERATE_INFOPLIST_FILE = YES;
				MARKETING_VERSION = 1.0;
				PRODUCT_BUNDLE_IDENTIFIER = com.kakutagawa.SwiftChallenge3UITests;
				PRODUCT_NAME = "$(TARGET_NAME)";
				SWIFT_EMIT_LOC_STRINGS = NO;
				SWIFT_VERSION = 5.0;
				TARGETED_DEVICE_FAMILY = "1,2";
				TEST_TARGET_NAME = SwiftChallenge3;
			};
			name = Release;
		};
/* End XCBuildConfiguration section */

/* Begin XCConfigurationList section */
		1D48A7F92B453F03007FE6A7 /* Build configuration list for PBXProject "SwiftChallenge3" */ = {
			isa = XCConfigurationList;
			buildConfigurations = (
				1D48A8202B453F06007FE6A7 /* Debug */,
				1D48A8212B453F06007FE6A7 /* Release */,
			);
			defaultConfigurationIsVisible = 0;
			defaultConfigurationName = Release;
		};
		1D48A8222B453F06007FE6A7 /* Build configuration list for PBXNativeTarget "SwiftChallenge3" */ = {
			isa = XCConfigurationList;
			buildConfigurations = (
				1D48A8232B453F06007FE6A7 /* Debug */,
				1D48A8242B453F06007FE6A7 /* Release */,
			);
			defaultConfigurationIsVisible = 0;
			defaultConfigurationName = Release;
		};
		1D48A8252B453F06007FE6A7 /* Build configuration list for PBXNativeTarget "SwiftChallenge3Tests" */ = {
			isa = XCConfigurationList;
			buildConfigurations = (
				1D48A8262B453F06007FE6A7 /* Debug */,
				1D48A8272B453F06007FE6A7 /* Release */,
			);
			defaultConfigurationIsVisible = 0;
			defaultConfigurationName = Release;
		};
		1D48A8282B453F06007FE6A7 /* Build configuration list for PBXNativeTarget "SwiftChallenge3UITests" */ = {
			isa = XCConfigurationList;
			buildConfigurations = (
				1D48A8292B453F06007FE6A7 /* Debug */,
				1D48A82A2B453F06007FE6A7 /* Release */,
			);
			defaultConfigurationIsVisible = 0;
			defaultConfigurationName = Release;
		};
/* End XCConfigurationList section */
	};
	rootObject = 1D48A7F62B453F03007FE6A7 /* Project object */;
}
